// !$*UTF8*$!
{
	archiveVersion = 1;
	classes = {
	};
	objectVersion = 46;
	objects = {

/* Begin PBXBuildFile section */
		B100BFCD1DC3D08C004E9B05 /* AppDelegate.swift in Sources */ = {isa = PBXBuildFile; fileRef = B100BFCC1DC3D08C004E9B05 /* AppDelegate.swift */; };
		B100BFCF1DC3D08C004E9B05 /* ViewController.swift in Sources */ = {isa = PBXBuildFile; fileRef = B100BFCE1DC3D08C004E9B05 /* ViewController.swift */; };
		B100BFD21DC3D08C004E9B05 /* Main.storyboard in Resources */ = {isa = PBXBuildFile; fileRef = B100BFD01DC3D08C004E9B05 /* Main.storyboard */; };
		B100BFD41DC3D08C004E9B05 /* Assets.xcassets in Resources */ = {isa = PBXBuildFile; fileRef = B100BFD31DC3D08C004E9B05 /* Assets.xcassets */; };
		B100BFD71DC3D08C004E9B05 /* LaunchScreen.storyboard in Resources */ = {isa = PBXBuildFile; fileRef = B100BFD51DC3D08C004E9B05 /* LaunchScreen.storyboard */; };
		B1EF721F1DDCB21B00E4294B /* PickerFieldsDataHelper.swift in Sources */ = {isa = PBXBuildFile; fileRef = B1EF721E1DDCB21B00E4294B /* PickerFieldsDataHelper.swift */; };
		B1EFEF2B1DDCBE3B000C6004 /* .gitignore in Resources */ = {isa = PBXBuildFile; fileRef = B1EFEF2A1DDCBE3B000C6004 /* .gitignore */; };
/* End PBXBuildFile section */

/* Begin PBXFileReference section */
		B100BFC91DC3D08C004E9B05 /* PickerDataHelper.app */ = {isa = PBXFileReference; explicitFileType = wrapper.application; includeInIndex = 0; path = PickerDataHelper.app; sourceTree = BUILT_PRODUCTS_DIR; };
		B100BFCC1DC3D08C004E9B05 /* AppDelegate.swift */ = {isa = PBXFileReference; lastKnownFileType = sourcecode.swift; path = AppDelegate.swift; sourceTree = "<group>"; };
		B100BFCE1DC3D08C004E9B05 /* ViewController.swift */ = {isa = PBXFileReference; lastKnownFileType = sourcecode.swift; path = ViewController.swift; sourceTree = "<group>"; };
		B100BFD11DC3D08C004E9B05 /* Base */ = {isa = PBXFileReference; lastKnownFileType = file.storyboard; name = Base; path = Base.lproj/Main.storyboard; sourceTree = "<group>"; };
		B100BFD31DC3D08C004E9B05 /* Assets.xcassets */ = {isa = PBXFileReference; lastKnownFileType = folder.assetcatalog; path = Assets.xcassets; sourceTree = "<group>"; };
		B100BFD61DC3D08C004E9B05 /* Base */ = {isa = PBXFileReference; lastKnownFileType = file.storyboard; name = Base; path = Base.lproj/LaunchScreen.storyboard; sourceTree = "<group>"; };
		B100BFD81DC3D08C004E9B05 /* Info.plist */ = {isa = PBXFileReference; lastKnownFileType = text.plist.xml; path = Info.plist; sourceTree = "<group>"; };
		B1EF721E1DDCB21B00E4294B /* PickerFieldsDataHelper.swift */ = {isa = PBXFileReference; fileEncoding = 4; lastKnownFileType = sourcecode.swift; name = PickerFieldsDataHelper.swift; path = ../../PickerFieldsDataHelper.swift; sourceTree = "<group>"; };
		B1EFEF2A1DDCBE3B000C6004 /* .gitignore */ = {isa = PBXFileReference; fileEncoding = 4; lastKnownFileType = text; path = .gitignore; sourceTree = "<group>"; };
/* End PBXFileReference section */

/* Begin PBXFrameworksBuildPhase section */
		B100BFC61DC3D08C004E9B05 /* Frameworks */ = {
			isa = PBXFrameworksBuildPhase;
			buildActionMask = 2147483647;
			files = (
			);
			runOnlyForDeploymentPostprocessing = 0;
		};
/* End PBXFrameworksBuildPhase section */

/* Begin PBXGroup section */
		B100BFC01DC3D08C004E9B05 = {
			isa = PBXGroup;
			children = (
				B1EFEF2A1DDCBE3B000C6004 /* .gitignore */,
				B100BFCB1DC3D08C004E9B05 /* PickerDataHelper */,
				B100BFCA1DC3D08C004E9B05 /* Products */,
			);
			sourceTree = "<group>";
		};
		B100BFCA1DC3D08C004E9B05 /* Products */ = {
			isa = PBXGroup;
			children = (
				B100BFC91DC3D08C004E9B05 /* PickerDataHelper.app */,
			);
			name = Products;
			sourceTree = "<group>";
		};
		B100BFCB1DC3D08C004E9B05 /* PickerDataHelper */ = {
			isa = PBXGroup;
			children = (
				B100BFCC1DC3D08C004E9B05 /* AppDelegate.swift */,
				B100BFCE1DC3D08C004E9B05 /* ViewController.swift */,
				B1EF721E1DDCB21B00E4294B /* PickerFieldsDataHelper.swift */,
				B100BFD01DC3D08C004E9B05 /* Main.storyboard */,
				B100BFD31DC3D08C004E9B05 /* Assets.xcassets */,
				B100BFD51DC3D08C004E9B05 /* LaunchScreen.storyboard */,
				B100BFD81DC3D08C004E9B05 /* Info.plist */,
			);
			path = PickerDataHelper;
			sourceTree = "<group>";
		};
/* End PBXGroup section */

/* Begin PBXNativeTarget section */
		B100BFC81DC3D08C004E9B05 /* PickerDataHelper */ = {
			isa = PBXNativeTarget;
			buildConfigurationList = B100BFDB1DC3D08C004E9B05 /* Build configuration list for PBXNativeTarget "PickerDataHelper" */;
			buildPhases = (
				B100BFC51DC3D08C004E9B05 /* Sources */,
				B100BFC61DC3D08C004E9B05 /* Frameworks */,
				B100BFC71DC3D08C004E9B05 /* Resources */,
			);
			buildRules = (
			);
			dependencies = (
			);
			name = PickerDataHelper;
			productName = PickerDataHelper;
			productReference = B100BFC91DC3D08C004E9B05 /* PickerDataHelper.app */;
			productType = "com.apple.product-type.application";
		};
/* End PBXNativeTarget section */

/* Begin PBXProject section */
		B100BFC11DC3D08C004E9B05 /* Project object */ = {
			isa = PBXProject;
			attributes = {
				LastSwiftUpdateCheck = 0800;
				LastUpgradeCheck = 0800;
				ORGANIZATIONNAME = "Allan Alves";
				TargetAttributes = {
					B100BFC81DC3D08C004E9B05 = {
						CreatedOnToolsVersion = 8.0;
						DevelopmentTeam = ZBKPMV26VX;
						ProvisioningStyle = Automatic;
					};
				};
			};
			buildConfigurationList = B100BFC41DC3D08C004E9B05 /* Build configuration list for PBXProject "PickerDataHelper" */;
			compatibilityVersion = "Xcode 3.2";
			developmentRegion = English;
			hasScannedForEncodings = 0;
			knownRegions = (
				en,
				Base,
			);
			mainGroup = B100BFC01DC3D08C004E9B05;
			productRefGroup = B100BFCA1DC3D08C004E9B05 /* Products */;
			projectDirPath = "";
			projectRoot = "";
			targets = (
				B100BFC81DC3D08C004E9B05 /* PickerDataHelper */,
			);
		};
/* End PBXProject section */

/* Begin PBXResourcesBuildPhase section */
		B100BFC71DC3D08C004E9B05 /* Resources */ = {
			isa = PBXResourcesBuildPhase;
			buildActionMask = 2147483647;
			files = (
				B1EFEF2B1DDCBE3B000C6004 /* .gitignore in Resources */,
				B100BFD71DC3D08C004E9B05 /* LaunchScreen.storyboard in Resources */,
				B100BFD41DC3D08C004E9B05 /* Assets.xcassets in Resources */,
				B100BFD21DC3D08C004E9B05 /* Main.storyboard in Resources */,
			);
			runOnlyForDeploymentPostprocessing = 0;
		};
/* End PBXResourcesBuildPhase section */

/* Begin PBXSourcesBuildPhase section */
		B100BFC51DC3D08C004E9B05 /* Sources */ = {
			isa = PBXSourcesBuildPhase;
			buildActionMask = 2147483647;
			files = (
				B100BFCF1DC3D08C004E9B05 /* ViewController.swift in Sources */,
				B1EF721F1DDCB21B00E4294B /* PickerFieldsDataHelper.swift in Sources */,
				B100BFCD1DC3D08C004E9B05 /* AppDelegate.swift in Sources */,
			);
			runOnlyForDeploymentPostprocessing = 0;
		};
/* End PBXSourcesBuildPhase section */

/* Begin PBXVariantGroup section */
		B100BFD01DC3D08C004E9B05 /* Main.storyboard */ = {
			isa = PBXVariantGroup;
			children = (
				B100BFD11DC3D08C004E9B05 /* Base */,
			);
			name = Main.storyboard;
			sourceTree = "<group>";
		};
		B100BFD51DC3D08C004E9B05 /* LaunchScreen.storyboard */ = {
			isa = PBXVariantGroup;
			children = (
				B100BFD61DC3D08C004E9B05 /* Base */,
			);
			name = LaunchScreen.storyboard;
			sourceTree = "<group>";
		};
/* End PBXVariantGroup section */

/* Begin XCBuildConfiguration section */
		B100BFD91DC3D08C004E9B05 /* Debug */ = {
			isa = XCBuildConfiguration;
			buildSettings = {
				ALWAYS_SEARCH_USER_PATHS = NO;
				CLANG_ANALYZER_NONNULL = YES;
				CLANG_CXX_LANGUAGE_STANDARD = "gnu++0x";
				CLANG_CXX_LIBRARY = "libc++";
				CLANG_ENABLE_MODULES = YES;
				CLANG_ENABLE_OBJC_ARC = YES;
				CLANG_WARN_BOOL_CONVERSION = YES;
				CLANG_WARN_CONSTANT_CONVERSION = YES;
				CLANG_WARN_DIRECT_OBJC_ISA_USAGE = YES_ERROR;
				CLANG_WARN_DOCUMENTATION_COMMENTS = YES;
				CLANG_WARN_EMPTY_BODY = YES;
				CLANG_WARN_ENUM_CONVERSION = YES;
				CLANG_WARN_INFINITE_RECURSION = YES;
				CLANG_WARN_INT_CONVERSION = YES;
				CLANG_WARN_OBJC_ROOT_CLASS = YES_ERROR;
				CLANG_WARN_SUSPICIOUS_MOVES = YES;
				CLANG_WARN_UNREACHABLE_CODE = YES;
				CLANG_WARN__DUPLICATE_METHOD_MATCH = YES;
				"CODE_SIGN_IDENTITY[sdk=iphoneos*]" = "iPhone Developer";
				COPY_PHASE_STRIP = NO;
				DEBUG_INFORMATION_FORMAT = dwarf;
				ENABLE_STRICT_OBJC_MSGSEND = YES;
				ENABLE_TESTABILITY = YES;
				GCC_C_LANGUAGE_STANDARD = gnu99;
				GCC_DYNAMIC_NO_PIC = NO;
				GCC_NO_COMMON_BLOCKS = YES;
				GCC_OPTIMIZATION_LEVEL = 0;
				GCC_PREPROCESSOR_DEFINITIONS = (
					"DEBUG=1",
					"$(inherited)",
				);
				GCC_WARN_64_TO_32_BIT_CONVERSION = YES;
				GCC_WARN_ABOUT_RETURN_TYPE = YES_ERROR;
				GCC_WARN_UNDECLARED_SELECTOR = YES;
				GCC_WARN_UNINITIALIZED_AUTOS = YES_AGGRESSIVE;
				GCC_WARN_UNUSED_FUNCTION = YES;
				GCC_WARN_UNUSED_VARIABLE = YES;
				IPHONEOS_DEPLOYMENT_TARGET = 9.0;
				MTL_ENABLE_DEBUG_INFO = YES;
				ONLY_ACTIVE_ARCH = YES;
				SDKROOT = iphoneos;
				SWIFT_ACTIVE_COMPILATION_CONDITIONS = DEBUG;
				SWIFT_OPTIMIZATION_LEVEL = "-Onone";
			};
			name = Debug;
		};
		B100BFDA1DC3D08C004E9B05 /* Release */ = {
			isa = XCBuildConfiguration;
			buildSettings = {
				ALWAYS_SEARCH_USER_PATHS = NO;
				CLANG_ANALYZER_NONNULL = YES;
				CLANG_CXX_LANGUAGE_STANDARD = "gnu++0x";
				CLANG_CXX_LIBRARY = "libc++";
				CLANG_ENABLE_MODULES = YES;
				CLANG_ENABLE_OBJC_ARC = YES;
				CLANG_WARN_BOOL_CONVERSION = YES;
				CLANG_WARN_CONSTANT_CONVERSION = YES;
				CLANG_WARN_DIRECT_OBJC_ISA_USAGE = YES_ERROR;
				CLANG_WARN_DOCUMENTATION_COMMENTS = YES;
				CLANG_WARN_EMPTY_BODY = YES;
				CLANG_WARN_ENUM_CONVERSION = YES;
				CLANG_WARN_INFINITE_RECURSION = YES;
				CLANG_WARN_INT_CONVERSION = YES;
				CLANG_WARN_OBJC_ROOT_CLASS = YES_ERROR;
				CLANG_WARN_SUSPICIOUS_MOVES = YES;
				CLANG_WARN_UNREACHABLE_CODE = YES;
				CLANG_WARN__DUPLICATE_METHOD_MATCH = YES;
				"CODE_SIGN_IDENTITY[sdk=iphoneos*]" = "iPhone Developer";
				COPY_PHASE_STRIP = NO;
				DEBUG_INFORMATION_FORMAT = "dwarf-with-dsym";
				ENABLE_NS_ASSERTIONS = NO;
				ENABLE_STRICT_OBJC_MSGSEND = YES;
				GCC_C_LANGUAGE_STANDARD = gnu99;
				GCC_NO_COMMON_BLOCKS = YES;
				GCC_WARN_64_TO_32_BIT_CONVERSION = YES;
				GCC_WARN_ABOUT_RETURN_TYPE = YES_ERROR;
				GCC_WARN_UNDECLARED_SELECTOR = YES;
				GCC_WARN_UNINITIALIZED_AUTOS = YES_AGGRESSIVE;
				GCC_WARN_UNUSED_FUNCTION = YES;
				GCC_WARN_UNUSED_VARIABLE = YES;
				IPHONEOS_DEPLOYMENT_TARGET = 9.0;
				MTL_ENABLE_DEBUG_INFO = NO;
				SDKROOT = iphoneos;
				SWIFT_OPTIMIZATION_LEVEL = "-Owholemodule";
				VALIDATE_PRODUCT = YES;
			};
			name = Release;
		};
		B100BFDC1DC3D08C004E9B05 /* Debug */ = {
			isa = XCBuildConfiguration;
			buildSettings = {
				ASSETCATALOG_COMPILER_APPICON_NAME = AppIcon;
				DEVELOPMENT_TEAM = ZBKPMV26VX;
				INFOPLIST_FILE = PickerDataHelper/Info.plist;
				LD_RUNPATH_SEARCH_PATHS = "$(inherited) @executable_path/Frameworks";
				PRODUCT_BUNDLE_IDENTIFIER = AA.PickerDataHelper;
				PRODUCT_NAME = "$(TARGET_NAME)";
				SWIFT_VERSION = 2.3;
			};
			name = Debug;
		};
		B100BFDD1DC3D08C004E9B05 /* Release */ = {
			isa = XCBuildConfiguration;
			buildSettings = {
				ASSETCATALOG_COMPILER_APPICON_NAME = AppIcon;
				DEVELOPMENT_TEAM = ZBKPMV26VX;
				INFOPLIST_FILE = PickerDataHelper/Info.plist;
				LD_RUNPATH_SEARCH_PATHS = "$(inherited) @executable_path/Frameworks";
				PRODUCT_BUNDLE_IDENTIFIER = AA.PickerDataHelper;
				PRODUCT_NAME = "$(TARGET_NAME)";
				SWIFT_VERSION = 2.3;
			};
			name = Release;
		};
/* End XCBuildConfiguration section */

/* Begin XCConfigurationList section */
		B100BFC41DC3D08C004E9B05 /* Build configuration list for PBXProject "PickerDataHelper" */ = {
			isa = XCConfigurationList;
			buildConfigurations = (
				B100BFD91DC3D08C004E9B05 /* Debug */,
				B100BFDA1DC3D08C004E9B05 /* Release */,
			);
			defaultConfigurationIsVisible = 0;
			defaultConfigurationName = Release;
		};
		B100BFDB1DC3D08C004E9B05 /* Build configuration list for PBXNativeTarget "PickerDataHelper" */ = {
			isa = XCConfigurationList;
			buildConfigurations = (
				B100BFDC1DC3D08C004E9B05 /* Debug */,
				B100BFDD1DC3D08C004E9B05 /* Release */,
			);
			defaultConfigurationIsVisible = 0;
			defaultConfigurationName = Release;
		};
/* End XCConfigurationList section */
	};
	rootObject = B100BFC11DC3D08C004E9B05 /* Project object */;
}
